
Microsoft Visual Studio Solution File, Format Version 12.00
Project("{FAE04EC0-301F-11D3-BF4B-00C04F79EFBC}") = "GDSCChallenge", "GDSCChallenge\GDSCChallenge.csproj", "{6ADBEB01-B1EC-44C5-BECC-D382EB625AA0}"
EndProject
Global
	GlobalSection(SolutionConfigurationPlatforms) = preSolution
		Debug|Any CPU = Debug|Any CPU
		Release|Any CPU = Release|Any CPU
	EndGlobalSection
	GlobalSection(ProjectConfigurationPlatforms) = postSolution
		{6ADBEB01-B1EC-44C5-BECC-D382EB625AA0}.Debug|Any CPU.ActiveCfg = Debug|Any CPU
		{6ADBEB01-B1EC-44C5-BECC-D382EB625AA0}.Debug|Any CPU.Build.0 = Debug|Any CPU
		{6ADBEB01-B1EC-44C5-BECC-D382EB625AA0}.Release|Any CPU.ActiveCfg = Release|Any CPU
		{6ADBEB01-B1EC-44C5-BECC-D382EB625AA0}.Release|Any CPU.Build.0 = Release|Any CPU
	EndGlobalSection
EndGlobal
